// !$*UTF8*$!
{
	archiveVersion = 1;
	classes = {
	};
	objectVersion = 56;
	objects = {

/* Begin PBXBuildFile section */
		EA291CB22C63A934006F9FFA /* CanvasCreate.swift in Sources */ = {isa = PBXBuildFile; fileRef = EA291CB12C63A934006F9FFA /* CanvasCreate.swift */; };
		EA74504B2C556FCF008AB246 /* WIPContent.swift in Sources */ = {isa = PBXBuildFile; fileRef = EA74504A2C556FCF008AB246 /* WIPContent.swift */; };
		EA881BE52C613FD300B59EC8 /* GalleryData.swift in Sources */ = {isa = PBXBuildFile; fileRef = EA881BE42C613FD300B59EC8 /* GalleryData.swift */; };
		EA881BE72C6148FF00B59EC8 /* color.swift in Sources */ = {isa = PBXBuildFile; fileRef = EA881BE62C6148FF00B59EC8 /* color.swift */; };
		EA8A76EB2C511AAA00F4FB54 /* BeadelatorApp.swift in Sources */ = {isa = PBXBuildFile; fileRef = EA8A76EA2C511AAA00F4FB54 /* BeadelatorApp.swift */; };
		EA8A76ED2C511AAA00F4FB54 /* _ContentView.swift in Sources */ = {isa = PBXBuildFile; fileRef = EA8A76EC2C511AAA00F4FB54 /* _ContentView.swift */; };
		EA8A76EF2C511AAB00F4FB54 /* Assets.xcassets in Resources */ = {isa = PBXBuildFile; fileRef = EA8A76EE2C511AAB00F4FB54 /* Assets.xcassets */; };
		EA8A76F22C511AAB00F4FB54 /* Preview Assets.xcassets in Resources */ = {isa = PBXBuildFile; fileRef = EA8A76F12C511AAB00F4FB54 /* Preview Assets.xcassets */; };
		EA8A76FC2C511AAB00F4FB54 /* BeadelatorTests.swift in Sources */ = {isa = PBXBuildFile; fileRef = EA8A76FB2C511AAB00F4FB54 /* BeadelatorTests.swift */; };
		EA8A77062C511AAB00F4FB54 /* BeadelatorUITests.swift in Sources */ = {isa = PBXBuildFile; fileRef = EA8A77052C511AAB00F4FB54 /* BeadelatorUITests.swift */; };
		EA8A77082C511AAB00F4FB54 /* BeadelatorUITestsLaunchTests.swift in Sources */ = {isa = PBXBuildFile; fileRef = EA8A77072C511AAB00F4FB54 /* BeadelatorUITestsLaunchTests.swift */; };
		EAADC7242C5BE9180047E031 /* Ellipse.swift in Sources */ = {isa = PBXBuildFile; fileRef = EAADC7232C5BE9180047E031 /* Ellipse.swift */; };
		EAADC7262C5BE9E70047E031 /* CanvasItem.swift in Sources */ = {isa = PBXBuildFile; fileRef = EAADC7252C5BE9E70047E031 /* CanvasItem.swift */; };
		EAADC7292C5BEA0F0047E031 /* GCPointDistance.swift in Sources */ = {isa = PBXBuildFile; fileRef = EAADC7282C5BEA0F0047E031 /* GCPointDistance.swift */; };
		EAADC72B2C5BEF660047E031 /* ContentView.swift in Sources */ = {isa = PBXBuildFile; fileRef = EAADC72A2C5BEF660047E031 /* ContentView.swift */; };
		EAADC72D2C5BF1B10047E031 /* CanvasList.swift in Sources */ = {isa = PBXBuildFile; fileRef = EAADC72C2C5BF1B10047E031 /* CanvasList.swift */; };
		EAADC72F2C5BF3970047E031 /* CanvasDetail.swift in Sources */ = {isa = PBXBuildFile; fileRef = EAADC72E2C5BF3970047E031 /* CanvasDetail.swift */; };
		EAADC7312C5BF3D80047E031 /* CanvasRow.swift in Sources */ = {isa = PBXBuildFile; fileRef = EAADC7302C5BF3D80047E031 /* CanvasRow.swift */; };
/* End PBXBuildFile section */

/* Begin PBXContainerItemProxy section */
		EA8A76F82C511AAB00F4FB54 /* PBXContainerItemProxy */ = {
			isa = PBXContainerItemProxy;
			containerPortal = EA8A76DF2C511AAA00F4FB54 /* Project object */;
			proxyType = 1;
			remoteGlobalIDString = EA8A76E62C511AAA00F4FB54;
			remoteInfo = Beadelator;
		};
		EA8A77022C511AAB00F4FB54 /* PBXContainerItemProxy */ = {
			isa = PBXContainerItemProxy;
			containerPortal = EA8A76DF2C511AAA00F4FB54 /* Project object */;
			proxyType = 1;
			remoteGlobalIDString = EA8A76E62C511AAA00F4FB54;
			remoteInfo = Beadelator;
		};
/* End PBXContainerItemProxy section */

/* Begin PBXFileReference section */
		EA291CB12C63A934006F9FFA /* CanvasCreate.swift */ = {isa = PBXFileReference; lastKnownFileType = sourcecode.swift; path = CanvasCreate.swift; sourceTree = "<group>"; };
		EA74504A2C556FCF008AB246 /* WIPContent.swift */ = {isa = PBXFileReference; lastKnownFileType = sourcecode.swift; path = WIPContent.swift; sourceTree = "<group>"; };
		EA881BE42C613FD300B59EC8 /* GalleryData.swift */ = {isa = PBXFileReference; lastKnownFileType = sourcecode.swift; path = GalleryData.swift; sourceTree = "<group>"; };
		EA881BE62C6148FF00B59EC8 /* color.swift */ = {isa = PBXFileReference; lastKnownFileType = sourcecode.swift; path = color.swift; sourceTree = "<group>"; };
		EA8A76E72C511AAA00F4FB54 /* Beadelator.app */ = {isa = PBXFileReference; explicitFileType = wrapper.application; includeInIndex = 0; path = Beadelator.app; sourceTree = BUILT_PRODUCTS_DIR; };
		EA8A76EA2C511AAA00F4FB54 /* BeadelatorApp.swift */ = {isa = PBXFileReference; lastKnownFileType = sourcecode.swift; path = BeadelatorApp.swift; sourceTree = "<group>"; };
		EA8A76EC2C511AAA00F4FB54 /* _ContentView.swift */ = {isa = PBXFileReference; lastKnownFileType = sourcecode.swift; path = _ContentView.swift; sourceTree = "<group>"; };
		EA8A76EE2C511AAB00F4FB54 /* Assets.xcassets */ = {isa = PBXFileReference; lastKnownFileType = folder.assetcatalog; path = Assets.xcassets; sourceTree = "<group>"; };
		EA8A76F12C511AAB00F4FB54 /* Preview Assets.xcassets */ = {isa = PBXFileReference; lastKnownFileType = folder.assetcatalog; path = "Preview Assets.xcassets"; sourceTree = "<group>"; };
		EA8A76F72C511AAB00F4FB54 /* BeadelatorTests.xctest */ = {isa = PBXFileReference; explicitFileType = wrapper.cfbundle; includeInIndex = 0; path = BeadelatorTests.xctest; sourceTree = BUILT_PRODUCTS_DIR; };
		EA8A76FB2C511AAB00F4FB54 /* BeadelatorTests.swift */ = {isa = PBXFileReference; lastKnownFileType = sourcecode.swift; path = BeadelatorTests.swift; sourceTree = "<group>"; };
		EA8A77012C511AAB00F4FB54 /* BeadelatorUITests.xctest */ = {isa = PBXFileReference; explicitFileType = wrapper.cfbundle; includeInIndex = 0; path = BeadelatorUITests.xctest; sourceTree = BUILT_PRODUCTS_DIR; };
		EA8A77052C511AAB00F4FB54 /* BeadelatorUITests.swift */ = {isa = PBXFileReference; lastKnownFileType = sourcecode.swift; path = BeadelatorUITests.swift; sourceTree = "<group>"; };
		EA8A77072C511AAB00F4FB54 /* BeadelatorUITestsLaunchTests.swift */ = {isa = PBXFileReference; lastKnownFileType = sourcecode.swift; path = BeadelatorUITestsLaunchTests.swift; sourceTree = "<group>"; };
		EAADC7232C5BE9180047E031 /* Ellipse.swift */ = {isa = PBXFileReference; lastKnownFileType = sourcecode.swift; path = Ellipse.swift; sourceTree = "<group>"; };
		EAADC7252C5BE9E70047E031 /* CanvasItem.swift */ = {isa = PBXFileReference; lastKnownFileType = sourcecode.swift; path = CanvasItem.swift; sourceTree = "<group>"; };
		EAADC7282C5BEA0F0047E031 /* GCPointDistance.swift */ = {isa = PBXFileReference; lastKnownFileType = sourcecode.swift; path = GCPointDistance.swift; sourceTree = "<group>"; };
		EAADC72A2C5BEF660047E031 /* ContentView.swift */ = {isa = PBXFileReference; lastKnownFileType = sourcecode.swift; path = ContentView.swift; sourceTree = "<group>"; };
		EAADC72C2C5BF1B10047E031 /* CanvasList.swift */ = {isa = PBXFileReference; lastKnownFileType = sourcecode.swift; path = CanvasList.swift; sourceTree = "<group>"; };
		EAADC72E2C5BF3970047E031 /* CanvasDetail.swift */ = {isa = PBXFileReference; lastKnownFileType = sourcecode.swift; path = CanvasDetail.swift; sourceTree = "<group>"; };
		EAADC7302C5BF3D80047E031 /* CanvasRow.swift */ = {isa = PBXFileReference; lastKnownFileType = sourcecode.swift; path = CanvasRow.swift; sourceTree = "<group>"; };
/* End PBXFileReference section */

/* Begin PBXFrameworksBuildPhase section */
		EA8A76E42C511AAA00F4FB54 /* Frameworks */ = {
			isa = PBXFrameworksBuildPhase;
			buildActionMask = 2147483647;
			files = (
			);
			runOnlyForDeploymentPostprocessing = 0;
		};
		EA8A76F42C511AAB00F4FB54 /* Frameworks */ = {
			isa = PBXFrameworksBuildPhase;
			buildActionMask = 2147483647;
			files = (
			);
			runOnlyForDeploymentPostprocessing = 0;
		};
		EA8A76FE2C511AAB00F4FB54 /* Frameworks */ = {
			isa = PBXFrameworksBuildPhase;
			buildActionMask = 2147483647;
			files = (
			);
			runOnlyForDeploymentPostprocessing = 0;
		};
/* End PBXFrameworksBuildPhase section */

/* Begin PBXGroup section */
		EA8A76DE2C511AAA00F4FB54 = {
			isa = PBXGroup;
			children = (
				EA74504A2C556FCF008AB246 /* WIPContent.swift */,
				EA8A76EC2C511AAA00F4FB54 /* _ContentView.swift */,
				EA8A76E92C511AAA00F4FB54 /* Beadelator */,
				EA8A76FA2C511AAB00F4FB54 /* BeadelatorTests */,
				EA8A77042C511AAB00F4FB54 /* BeadelatorUITests */,
				EA8A76E82C511AAA00F4FB54 /* Products */,
			);
			sourceTree = "<group>";
		};
		EA8A76E82C511AAA00F4FB54 /* Products */ = {
			isa = PBXGroup;
			children = (
				EA8A76E72C511AAA00F4FB54 /* Beadelator.app */,
				EA8A76F72C511AAB00F4FB54 /* BeadelatorTests.xctest */,
				EA8A77012C511AAB00F4FB54 /* BeadelatorUITests.xctest */,
			);
			name = Products;
			sourceTree = "<group>";
		};
		EA8A76E92C511AAA00F4FB54 /* Beadelator */ = {
			isa = PBXGroup;
			children = (
				EAADC7272C5BE9FF0047E031 /* Helpers */,
				EAADC7222C5BE8370047E031 /* Views */,
				EAADC7212C5BE8280047E031 /* Models */,
				EA8A76EA2C511AAA00F4FB54 /* BeadelatorApp.swift */,
				EAADC72A2C5BEF660047E031 /* ContentView.swift */,
				EA8A76EE2C511AAB00F4FB54 /* Assets.xcassets */,
				EA8A76F02C511AAB00F4FB54 /* Preview Content */,
			);
			path = Beadelator;
			sourceTree = "<group>";
		};
		EA8A76F02C511AAB00F4FB54 /* Preview Content */ = {
			isa = PBXGroup;
			children = (
				EA8A76F12C511AAB00F4FB54 /* Preview Assets.xcassets */,
			);
			path = "Preview Content";
			sourceTree = "<group>";
		};
		EA8A76FA2C511AAB00F4FB54 /* BeadelatorTests */ = {
			isa = PBXGroup;
			children = (
				EA8A76FB2C511AAB00F4FB54 /* BeadelatorTests.swift */,
			);
			path = BeadelatorTests;
			sourceTree = "<group>";
		};
		EA8A77042C511AAB00F4FB54 /* BeadelatorUITests */ = {
			isa = PBXGroup;
			children = (
				EA8A77052C511AAB00F4FB54 /* BeadelatorUITests.swift */,
				EA8A77072C511AAB00F4FB54 /* BeadelatorUITestsLaunchTests.swift */,
			);
			path = BeadelatorUITests;
			sourceTree = "<group>";
		};
		EAADC7212C5BE8280047E031 /* Models */ = {
			isa = PBXGroup;
			children = (
				EAADC7232C5BE9180047E031 /* Ellipse.swift */,
				EAADC7252C5BE9E70047E031 /* CanvasItem.swift */,
				EA881BE62C6148FF00B59EC8 /* color.swift */,
			);
			path = Models;
			sourceTree = "<group>";
		};
		EAADC7222C5BE8370047E031 /* Views */ = {
			isa = PBXGroup;
			children = (
				EAADC72E2C5BF3970047E031 /* CanvasDetail.swift */,
				EAADC72C2C5BF1B10047E031 /* CanvasList.swift */,
				EAADC7302C5BF3D80047E031 /* CanvasRow.swift */,
				EA291CB12C63A934006F9FFA /* CanvasCreate.swift */,
			);
			path = Views;
			sourceTree = "<group>";
		};
		EAADC7272C5BE9FF0047E031 /* Helpers */ = {
			isa = PBXGroup;
			children = (
				EA881BE42C613FD300B59EC8 /* GalleryData.swift */,
				EAADC7282C5BEA0F0047E031 /* GCPointDistance.swift */,
			);
			path = Helpers;
			sourceTree = "<group>";
		};
/* End PBXGroup section */

/* Begin PBXNativeTarget section */
		EA8A76E62C511AAA00F4FB54 /* Beadelator */ = {
			isa = PBXNativeTarget;
			buildConfigurationList = EA8A770B2C511AAB00F4FB54 /* Build configuration list for PBXNativeTarget "Beadelator" */;
			buildPhases = (
				EA8A76E32C511AAA00F4FB54 /* Sources */,
				EA8A76E42C511AAA00F4FB54 /* Frameworks */,
				EA8A76E52C511AAA00F4FB54 /* Resources */,
			);
			buildRules = (
			);
			dependencies = (
			);
			name = Beadelator;
			productName = Beadelator;
			productReference = EA8A76E72C511AAA00F4FB54 /* Beadelator.app */;
			productType = "com.apple.product-type.application";
		};
		EA8A76F62C511AAB00F4FB54 /* BeadelatorTests */ = {
			isa = PBXNativeTarget;
			buildConfigurationList = EA8A770E2C511AAB00F4FB54 /* Build configuration list for PBXNativeTarget "BeadelatorTests" */;
			buildPhases = (
				EA8A76F32C511AAB00F4FB54 /* Sources */,
				EA8A76F42C511AAB00F4FB54 /* Frameworks */,
				EA8A76F52C511AAB00F4FB54 /* Resources */,
			);
			buildRules = (
			);
			dependencies = (
				EA8A76F92C511AAB00F4FB54 /* PBXTargetDependency */,
			);
			name = BeadelatorTests;
			productName = BeadelatorTests;
			productReference = EA8A76F72C511AAB00F4FB54 /* BeadelatorTests.xctest */;
			productType = "com.apple.product-type.bundle.unit-test";
		};
		EA8A77002C511AAB00F4FB54 /* BeadelatorUITests */ = {
			isa = PBXNativeTarget;
			buildConfigurationList = EA8A77112C511AAB00F4FB54 /* Build configuration list for PBXNativeTarget "BeadelatorUITests" */;
			buildPhases = (
				EA8A76FD2C511AAB00F4FB54 /* Sources */,
				EA8A76FE2C511AAB00F4FB54 /* Frameworks */,
				EA8A76FF2C511AAB00F4FB54 /* Resources */,
			);
			buildRules = (
			);
			dependencies = (
				EA8A77032C511AAB00F4FB54 /* PBXTargetDependency */,
			);
			name = BeadelatorUITests;
			productName = BeadelatorUITests;
			productReference = EA8A77012C511AAB00F4FB54 /* BeadelatorUITests.xctest */;
			productType = "com.apple.product-type.bundle.ui-testing";
		};
/* End PBXNativeTarget section */

/* Begin PBXProject section */
		EA8A76DF2C511AAA00F4FB54 /* Project object */ = {
			isa = PBXProject;
			attributes = {
				BuildIndependentTargetsInParallel = 1;
				LastSwiftUpdateCheck = 1530;
				LastUpgradeCheck = 1530;
				TargetAttributes = {
					EA8A76E62C511AAA00F4FB54 = {
						CreatedOnToolsVersion = 15.3;
					};
					EA8A76F62C511AAB00F4FB54 = {
						CreatedOnToolsVersion = 15.3;
						TestTargetID = EA8A76E62C511AAA00F4FB54;
					};
					EA8A77002C511AAB00F4FB54 = {
						CreatedOnToolsVersion = 15.3;
						TestTargetID = EA8A76E62C511AAA00F4FB54;
					};
				};
			};
			buildConfigurationList = EA8A76E22C511AAA00F4FB54 /* Build configuration list for PBXProject "Beadelator" */;
			compatibilityVersion = "Xcode 14.0";
			developmentRegion = en;
			hasScannedForEncodings = 0;
			knownRegions = (
				en,
				Base,
			);
			mainGroup = EA8A76DE2C511AAA00F4FB54;
			productRefGroup = EA8A76E82C511AAA00F4FB54 /* Products */;
			projectDirPath = "";
			projectRoot = "";
			targets = (
				EA8A76E62C511AAA00F4FB54 /* Beadelator */,
				EA8A76F62C511AAB00F4FB54 /* BeadelatorTests */,
				EA8A77002C511AAB00F4FB54 /* BeadelatorUITests */,
			);
		};
/* End PBXProject section */

/* Begin PBXResourcesBuildPhase section */
		EA8A76E52C511AAA00F4FB54 /* Resources */ = {
			isa = PBXResourcesBuildPhase;
			buildActionMask = 2147483647;
			files = (
				EA8A76F22C511AAB00F4FB54 /* Preview Assets.xcassets in Resources */,
				EA8A76EF2C511AAB00F4FB54 /* Assets.xcassets in Resources */,
			);
			runOnlyForDeploymentPostprocessing = 0;
		};
		EA8A76F52C511AAB00F4FB54 /* Resources */ = {
			isa = PBXResourcesBuildPhase;
			buildActionMask = 2147483647;
			files = (
			);
			runOnlyForDeploymentPostprocessing = 0;
		};
		EA8A76FF2C511AAB00F4FB54 /* Resources */ = {
			isa = PBXResourcesBuildPhase;
			buildActionMask = 2147483647;
			files = (
			);
			runOnlyForDeploymentPostprocessing = 0;
		};
/* End PBXResourcesBuildPhase section */

/* Begin PBXSourcesBuildPhase section */
		EA8A76E32C511AAA00F4FB54 /* Sources */ = {
			isa = PBXSourcesBuildPhase;
			buildActionMask = 2147483647;
			files = (
				EA291CB22C63A934006F9FFA /* CanvasCreate.swift in Sources */,
				EAADC7312C5BF3D80047E031 /* CanvasRow.swift in Sources */,
				EA8A76ED2C511AAA00F4FB54 /* _ContentView.swift in Sources */,
				EA881BE52C613FD300B59EC8 /* GalleryData.swift in Sources */,
				EAADC7242C5BE9180047E031 /* Ellipse.swift in Sources */,
				EAADC72B2C5BEF660047E031 /* ContentView.swift in Sources */,
				EAADC72D2C5BF1B10047E031 /* CanvasList.swift in Sources */,
				EAADC7292C5BEA0F0047E031 /* GCPointDistance.swift in Sources */,
				EA74504B2C556FCF008AB246 /* WIPContent.swift in Sources */,
				EAADC72F2C5BF3970047E031 /* CanvasDetail.swift in Sources */,
				EA881BE72C6148FF00B59EC8 /* color.swift in Sources */,
				EAADC7262C5BE9E70047E031 /* CanvasItem.swift in Sources */,
				EA8A76EB2C511AAA00F4FB54 /* BeadelatorApp.swift in Sources */,
			);
			runOnlyForDeploymentPostprocessing = 0;
		};
		EA8A76F32C511AAB00F4FB54 /* Sources */ = {
			isa = PBXSourcesBuildPhase;
			buildActionMask = 2147483647;
			files = (
				EA8A76FC2C511AAB00F4FB54 /* BeadelatorTests.swift in Sources */,
			);
			runOnlyForDeploymentPostprocessing = 0;
		};
		EA8A76FD2C511AAB00F4FB54 /* Sources */ = {
			isa = PBXSourcesBuildPhase;
			buildActionMask = 2147483647;
			files = (
				EA8A77062C511AAB00F4FB54 /* BeadelatorUITests.swift in Sources */,
				EA8A77082C511AAB00F4FB54 /* BeadelatorUITestsLaunchTests.swift in Sources */,
			);
			runOnlyForDeploymentPostprocessing = 0;
		};
/* End PBXSourcesBuildPhase section */

/* Begin PBXTargetDependency section */
		EA8A76F92C511AAB00F4FB54 /* PBXTargetDependency */ = {
			isa = PBXTargetDependency;
			target = EA8A76E62C511AAA00F4FB54 /* Beadelator */;
			targetProxy = EA8A76F82C511AAB00F4FB54 /* PBXContainerItemProxy */;
		};
		EA8A77032C511AAB00F4FB54 /* PBXTargetDependency */ = {
			isa = PBXTargetDependency;
			target = EA8A76E62C511AAA00F4FB54 /* Beadelator */;
			targetProxy = EA8A77022C511AAB00F4FB54 /* PBXContainerItemProxy */;
		};
/* End PBXTargetDependency section */

/* Begin XCBuildConfiguration section */
		EA8A77092C511AAB00F4FB54 /* Debug */ = {
			isa = XCBuildConfiguration;
			buildSettings = {
				ALWAYS_SEARCH_USER_PATHS = NO;
				ASSETCATALOG_COMPILER_GENERATE_SWIFT_ASSET_SYMBOL_EXTENSIONS = YES;
				CLANG_ANALYZER_NONNULL = YES;
				CLANG_ANALYZER_NUMBER_OBJECT_CONVERSION = YES_AGGRESSIVE;
				CLANG_CXX_LANGUAGE_STANDARD = "gnu++20";
				CLANG_ENABLE_MODULES = YES;
				CLANG_ENABLE_OBJC_ARC = YES;
				CLANG_ENABLE_OBJC_WEAK = YES;
				CLANG_WARN_BLOCK_CAPTURE_AUTORELEASING = YES;
				CLANG_WARN_BOOL_CONVERSION = YES;
				CLANG_WARN_COMMA = YES;
				CLANG_WARN_CONSTANT_CONVERSION = YES;
				CLANG_WARN_DEPRECATED_OBJC_IMPLEMENTATIONS = YES;
				CLANG_WARN_DIRECT_OBJC_ISA_USAGE = YES_ERROR;
				CLANG_WARN_DOCUMENTATION_COMMENTS = YES;
				CLANG_WARN_EMPTY_BODY = YES;
				CLANG_WARN_ENUM_CONVERSION = YES;
				CLANG_WARN_INFINITE_RECURSION = YES;
				CLANG_WARN_INT_CONVERSION = YES;
				CLANG_WARN_NON_LITERAL_NULL_CONVERSION = YES;
				CLANG_WARN_OBJC_IMPLICIT_RETAIN_SELF = YES;
				CLANG_WARN_OBJC_LITERAL_CONVERSION = YES;
				CLANG_WARN_OBJC_ROOT_CLASS = YES_ERROR;
				CLANG_WARN_QUOTED_INCLUDE_IN_FRAMEWORK_HEADER = YES;
				CLANG_WARN_RANGE_LOOP_ANALYSIS = YES;
				CLANG_WARN_STRICT_PROTOTYPES = YES;
				CLANG_WARN_SUSPICIOUS_MOVE = YES;
				CLANG_WARN_UNGUARDED_AVAILABILITY = YES_AGGRESSIVE;
				CLANG_WARN_UNREACHABLE_CODE = YES;
				CLANG_WARN__DUPLICATE_METHOD_MATCH = YES;
				COPY_PHASE_STRIP = NO;
				DEBUG_INFORMATION_FORMAT = dwarf;
				ENABLE_STRICT_OBJC_MSGSEND = YES;
				ENABLE_TESTABILITY = YES;
				ENABLE_USER_SCRIPT_SANDBOXING = YES;
				GCC_C_LANGUAGE_STANDARD = gnu17;
				GCC_DYNAMIC_NO_PIC = NO;
				GCC_NO_COMMON_BLOCKS = YES;
				GCC_OPTIMIZATION_LEVEL = 0;
				GCC_PREPROCESSOR_DEFINITIONS = (
					"DEBUG=1",
					"$(inherited)",
				);
				GCC_WARN_64_TO_32_BIT_CONVERSION = YES;
				GCC_WARN_ABOUT_RETURN_TYPE = YES_ERROR;
				GCC_WARN_UNDECLARED_SELECTOR = YES;
				GCC_WARN_UNINITIALIZED_AUTOS = YES_AGGRESSIVE;
				GCC_WARN_UNUSED_FUNCTION = YES;
				GCC_WARN_UNUSED_VARIABLE = YES;
				IPHONEOS_DEPLOYMENT_TARGET = 17.4;
				LOCALIZATION_PREFERS_STRING_CATALOGS = YES;
				MTL_ENABLE_DEBUG_INFO = INCLUDE_SOURCE;
				MTL_FAST_MATH = YES;
				ONLY_ACTIVE_ARCH = YES;
				SDKROOT = iphoneos;
				SWIFT_ACTIVE_COMPILATION_CONDITIONS = "DEBUG $(inherited)";
				SWIFT_OPTIMIZATION_LEVEL = "-Onone";
			};
			name = Debug;
		};
		EA8A770A2C511AAB00F4FB54 /* Release */ = {
			isa = XCBuildConfiguration;
			buildSettings = {
				ALWAYS_SEARCH_USER_PATHS = NO;
				ASSETCATALOG_COMPILER_GENERATE_SWIFT_ASSET_SYMBOL_EXTENSIONS = YES;
				CLANG_ANALYZER_NONNULL = YES;
				CLANG_ANALYZER_NUMBER_OBJECT_CONVERSION = YES_AGGRESSIVE;
				CLANG_CXX_LANGUAGE_STANDARD = "gnu++20";
				CLANG_ENABLE_MODULES = YES;
				CLANG_ENABLE_OBJC_ARC = YES;
				CLANG_ENABLE_OBJC_WEAK = YES;
				CLANG_WARN_BLOCK_CAPTURE_AUTORELEASING = YES;
				CLANG_WARN_BOOL_CONVERSION = YES;
				CLANG_WARN_COMMA = YES;
				CLANG_WARN_CONSTANT_CONVERSION = YES;
				CLANG_WARN_DEPRECATED_OBJC_IMPLEMENTATIONS = YES;
				CLANG_WARN_DIRECT_OBJC_ISA_USAGE = YES_ERROR;
				CLANG_WARN_DOCUMENTATION_COMMENTS = YES;
				CLANG_WARN_EMPTY_BODY = YES;
				CLANG_WARN_ENUM_CONVERSION = YES;
				CLANG_WARN_INFINITE_RECURSION = YES;
				CLANG_WARN_INT_CONVERSION = YES;
				CLANG_WARN_NON_LITERAL_NULL_CONVERSION = YES;
				CLANG_WARN_OBJC_IMPLICIT_RETAIN_SELF = YES;
				CLANG_WARN_OBJC_LITERAL_CONVERSION = YES;
				CLANG_WARN_OBJC_ROOT_CLASS = YES_ERROR;
				CLANG_WARN_QUOTED_INCLUDE_IN_FRAMEWORK_HEADER = YES;
				CLANG_WARN_RANGE_LOOP_ANALYSIS = YES;
				CLANG_WARN_STRICT_PROTOTYPES = YES;
				CLANG_WARN_SUSPICIOUS_MOVE = YES;
				CLANG_WARN_UNGUARDED_AVAILABILITY = YES_AGGRESSIVE;
				CLANG_WARN_UNREACHABLE_CODE = YES;
				CLANG_WARN__DUPLICATE_METHOD_MATCH = YES;
				COPY_PHASE_STRIP = NO;
				DEBUG_INFORMATION_FORMAT = "dwarf-with-dsym";
				ENABLE_NS_ASSERTIONS = NO;
				ENABLE_STRICT_OBJC_MSGSEND = YES;
				ENABLE_USER_SCRIPT_SANDBOXING = YES;
				GCC_C_LANGUAGE_STANDARD = gnu17;
				GCC_NO_COMMON_BLOCKS = YES;
				GCC_WARN_64_TO_32_BIT_CONVERSION = YES;
				GCC_WARN_ABOUT_RETURN_TYPE = YES_ERROR;
				GCC_WARN_UNDECLARED_SELECTOR = YES;
				GCC_WARN_UNINITIALIZED_AUTOS = YES_AGGRESSIVE;
				GCC_WARN_UNUSED_FUNCTION = YES;
				GCC_WARN_UNUSED_VARIABLE = YES;
				IPHONEOS_DEPLOYMENT_TARGET = 17.4;
				LOCALIZATION_PREFERS_STRING_CATALOGS = YES;
				MTL_ENABLE_DEBUG_INFO = NO;
				MTL_FAST_MATH = YES;
				SDKROOT = iphoneos;
				SWIFT_COMPILATION_MODE = wholemodule;
				VALIDATE_PRODUCT = YES;
			};
			name = Release;
		};
		EA8A770C2C511AAB00F4FB54 /* Debug */ = {
			isa = XCBuildConfiguration;
			buildSettings = {
				ASSETCATALOG_COMPILER_APPICON_NAME = AppIcon;
				ASSETCATALOG_COMPILER_GLOBAL_ACCENT_COLOR_NAME = AccentColor;
				CODE_SIGN_STYLE = Automatic;
				CURRENT_PROJECT_VERSION = 1;
				DEVELOPMENT_ASSET_PATHS = "\"Beadelator/Preview Content\"";
				DEVELOPMENT_TEAM = 738VKKDR87;
				ENABLE_PREVIEWS = YES;
				GENERATE_INFOPLIST_FILE = YES;
				INFOPLIST_KEY_UIApplicationSceneManifest_Generation = YES;
				INFOPLIST_KEY_UIApplicationSupportsIndirectInputEvents = YES;
				INFOPLIST_KEY_UILaunchScreen_Generation = YES;
				INFOPLIST_KEY_UISupportedInterfaceOrientations_iPad = "UIInterfaceOrientationPortrait UIInterfaceOrientationPortraitUpsideDown UIInterfaceOrientationLandscapeLeft UIInterfaceOrientationLandscapeRight";
				INFOPLIST_KEY_UISupportedInterfaceOrientations_iPhone = "UIInterfaceOrientationPortrait UIInterfaceOrientationLandscapeLeft UIInterfaceOrientationLandscapeRight";
				IPHONEOS_DEPLOYMENT_TARGET = 18.0;
				LD_RUNPATH_SEARCH_PATHS = (
					"$(inherited)",
					"@executable_path/Frameworks",
				);
				MARKETING_VERSION = 1.0;
				PRODUCT_BUNDLE_IDENTIFIER = valankin.Beadelator;
				PRODUCT_NAME = "$(TARGET_NAME)";
				SWIFT_EMIT_LOC_STRINGS = YES;
				SWIFT_VERSION = 6.0;
				TARGETED_DEVICE_FAMILY = "1,2";
			};
			name = Debug;
		};
		EA8A770D2C511AAB00F4FB54 /* Release */ = {
			isa = XCBuildConfiguration;
			buildSettings = {
				ASSETCATALOG_COMPILER_APPICON_NAME = AppIcon;
				ASSETCATALOG_COMPILER_GLOBAL_ACCENT_COLOR_NAME = AccentColor;
				CODE_SIGN_STYLE = Automatic;
				CURRENT_PROJECT_VERSION = 1;
				DEVELOPMENT_ASSET_PATHS = "\"Beadelator/Preview Content\"";
				DEVELOPMENT_TEAM = 738VKKDR87;
				ENABLE_PREVIEWS = YES;
				GENERATE_INFOPLIST_FILE = YES;
				INFOPLIST_KEY_UIApplicationSceneManifest_Generation = YES;
				INFOPLIST_KEY_UIApplicationSupportsIndirectInputEvents = YES;
				INFOPLIST_KEY_UILaunchScreen_Generation = YES;
				INFOPLIST_KEY_UISupportedInterfaceOrientations_iPad = "UIInterfaceOrientationPortrait UIInterfaceOrientationPortraitUpsideDown UIInterfaceOrientationLandscapeLeft UIInterfaceOrientationLandscapeRight";
				INFOPLIST_KEY_UISupportedInterfaceOrientations_iPhone = "UIInterfaceOrientationPortrait UIInterfaceOrientationLandscapeLeft UIInterfaceOrientationLandscapeRight";
				IPHONEOS_DEPLOYMENT_TARGET = 18.0;
				LD_RUNPATH_SEARCH_PATHS = (
					"$(inherited)",
					"@executable_path/Frameworks",
				);
				MARKETING_VERSION = 1.0;
				PRODUCT_BUNDLE_IDENTIFIER = valankin.Beadelator;
				PRODUCT_NAME = "$(TARGET_NAME)";
				SWIFT_EMIT_LOC_STRINGS = YES;
				SWIFT_VERSION = 6.0;
				TARGETED_DEVICE_FAMILY = "1,2";
			};
			name = Release;
		};
		EA8A770F2C511AAB00F4FB54 /* Debug */ = {
			isa = XCBuildConfiguration;
			buildSettings = {
				ALWAYS_EMBED_SWIFT_STANDARD_LIBRARIES = YES;
				BUNDLE_LOADER = "$(TEST_HOST)";
				"CODE_SIGN_IDENTITY[sdk=macosx*]" = "Apple Development";
				CODE_SIGN_STYLE = Automatic;
				CURRENT_PROJECT_VERSION = 1;
				DEVELOPMENT_TEAM = 738VKKDR87;
				GENERATE_INFOPLIST_FILE = YES;
				IPHONEOS_DEPLOYMENT_TARGET = 17.4;
				MARKETING_VERSION = 1.0;
				PRODUCT_BUNDLE_IDENTIFIER = valankin.BeadelatorTests;
				PRODUCT_NAME = "$(TARGET_NAME)";
				SWIFT_EMIT_LOC_STRINGS = NO;
				SWIFT_VERSION = 5.0;
				TARGETED_DEVICE_FAMILY = "1,2";
				TEST_HOST = "$(BUILT_PRODUCTS_DIR)/Beadelator.app/$(BUNDLE_EXECUTABLE_FOLDER_PATH)/Beadelator";
			};
			name = Debug;
		};
		EA8A77102C511AAB00F4FB54 /* Release */ = {
			isa = XCBuildConfiguration;
			buildSettings = {
				ALWAYS_EMBED_SWIFT_STANDARD_LIBRARIES = YES;
				BUNDLE_LOADER = "$(TEST_HOST)";
				"CODE_SIGN_IDENTITY[sdk=macosx*]" = "Apple Development";
				CODE_SIGN_STYLE = Automatic;
				CURRENT_PROJECT_VERSION = 1;
				DEVELOPMENT_TEAM = 738VKKDR87;
				GENERATE_INFOPLIST_FILE = YES;
				IPHONEOS_DEPLOYMENT_TARGET = 17.4;
				MARKETING_VERSION = 1.0;
				PRODUCT_BUNDLE_IDENTIFIER = valankin.BeadelatorTests;
				PRODUCT_NAME = "$(TARGET_NAME)";
				SWIFT_EMIT_LOC_STRINGS = NO;
				SWIFT_VERSION = 5.0;
				TARGETED_DEVICE_FAMILY = "1,2";
				TEST_HOST = "$(BUILT_PRODUCTS_DIR)/Beadelator.app/$(BUNDLE_EXECUTABLE_FOLDER_PATH)/Beadelator";
			};
			name = Release;
		};
		EA8A77122C511AAB00F4FB54 /* Debug */ = {
			isa = XCBuildConfiguration;
			buildSettings = {
				ALWAYS_EMBED_SWIFT_STANDARD_LIBRARIES = YES;
				CODE_SIGN_STYLE = Automatic;
				CURRENT_PROJECT_VERSION = 1;
				GENERATE_INFOPLIST_FILE = YES;
				MARKETING_VERSION = 1.0;
				PRODUCT_BUNDLE_IDENTIFIER = valankin.BeadelatorUITests;
				PRODUCT_NAME = "$(TARGET_NAME)";
				SWIFT_EMIT_LOC_STRINGS = NO;
				SWIFT_VERSION = 5.0;
				TARGETED_DEVICE_FAMILY = "1,2";
				TEST_TARGET_NAME = Beadelator;
			};
			name = Debug;
		};
		EA8A77132C511AAB00F4FB54 /* Release */ = {
			isa = XCBuildConfiguration;
			buildSettings = {
				ALWAYS_EMBED_SWIFT_STANDARD_LIBRARIES = YES;
				CODE_SIGN_STYLE = Automatic;
				CURRENT_PROJECT_VERSION = 1;
				GENERATE_INFOPLIST_FILE = YES;
				MARKETING_VERSION = 1.0;
				PRODUCT_BUNDLE_IDENTIFIER = valankin.BeadelatorUITests;
				PRODUCT_NAME = "$(TARGET_NAME)";
				SWIFT_EMIT_LOC_STRINGS = NO;
				SWIFT_VERSION = 5.0;
				TARGETED_DEVICE_FAMILY = "1,2";
				TEST_TARGET_NAME = Beadelator;
			};
			name = Release;
		};
/* End XCBuildConfiguration section */

/* Begin XCConfigurationList section */
		EA8A76E22C511AAA00F4FB54 /* Build configuration list for PBXProject "Beadelator" */ = {
			isa = XCConfigurationList;
			buildConfigurations = (
				EA8A77092C511AAB00F4FB54 /* Debug */,
				EA8A770A2C511AAB00F4FB54 /* Release */,
			);
			defaultConfigurationIsVisible = 0;
			defaultConfigurationName = Release;
		};
		EA8A770B2C511AAB00F4FB54 /* Build configuration list for PBXNativeTarget "Beadelator" */ = {
			isa = XCConfigurationList;
			buildConfigurations = (
				EA8A770C2C511AAB00F4FB54 /* Debug */,
				EA8A770D2C511AAB00F4FB54 /* Release */,
			);
			defaultConfigurationIsVisible = 0;
			defaultConfigurationName = Release;
		};
		EA8A770E2C511AAB00F4FB54 /* Build configuration list for PBXNativeTarget "BeadelatorTests" */ = {
			isa = XCConfigurationList;
			buildConfigurations = (
				EA8A770F2C511AAB00F4FB54 /* Debug */,
				EA8A77102C511AAB00F4FB54 /* Release */,
			);
			defaultConfigurationIsVisible = 0;
			defaultConfigurationName = Release;
		};
		EA8A77112C511AAB00F4FB54 /* Build configuration list for PBXNativeTarget "BeadelatorUITests" */ = {
			isa = XCConfigurationList;
			buildConfigurations = (
				EA8A77122C511AAB00F4FB54 /* Debug */,
				EA8A77132C511AAB00F4FB54 /* Release */,
			);
			defaultConfigurationIsVisible = 0;
			defaultConfigurationName = Release;
		};
/* End XCConfigurationList section */
	};
	rootObject = EA8A76DF2C511AAA00F4FB54 /* Project object */;
}
